# generated by rye
# use `rye lock` or `rye sync` to update this lockfile
#
# last locked with the following flags:
#   pre: false
#   features: []
#   all-features: false
#   with-sources: false
#   generate-hashes: false
#   universal: false

-e file:.
aiohappyeyeballs==2.6.1
    # via aiohttp
aiohttp==3.11.17
    # via workers-kv-py
aiomqtt==2.3.2
    # via air-relay
aiosignal==1.3.2
    # via aiohttp
annotated-types==0.7.0
    # via pydantic
attrs==25.3.0
    # via aiohttp
autoflake==2.3.1
black==25.1.0
cachetools==5.5.2
    # via air-relay
certifi==2025.1.31
    # via requests
charset-normalizer==3.4.1
    # via requests
click==8.1.8
    # via black
frozenlist==1.6.0
    # via aiohttp
    # via aiosignal
idna==3.10
    # via requests
    # via yarl
iniconfig==2.1.0
    # via pytest
isort==6.0.1
multidict==6.4.3
    # via aiohttp
    # via yarl
mypy==1.15.0
mypy-extensions==1.0.0
    # via black
    # via mypy
packaging==25.0
    # via black
    # via pytest
paho-mqtt==2.1.0
    # via aiomqtt
    # via air-relay
pathspec==0.12.1
    # via black
platformdirs==4.3.7
    # via black
pluggy==1.5.0
    # via pytest
propcache==0.3.1
    # via aiohttp
    # via yarl
pyaes==1.6.1
    # via telethon
pyasn1==0.6.1
    # via rsa
pydantic==2.11.3
    # via air-relay
pydantic-core==2.33.1
    # via pydantic
pyflakes==3.3.2
    # via autoflake
pytest==8.3.5
    # via pytest-asyncio
pytest-asyncio==0.26.0
python-dotenv==1.1.0
    # via air-relay
requests==2.32.3
    # via workers-kv-py
rsa==4.9.1
    # via telethon
telethon==1.39.0
    # via air-relay
typing-extensions==4.13.2
    # via mypy
    # via pydantic
    # via pydantic-core
    # via typing-inspection
typing-inspection==0.4.0
    # via pydantic
urllib3==2.4.0
    # via requests
workers-kv-py==1.2.2
    # via air-relay
yarl==1.20.0
    # via aiohttp
